---
label: Intro Banner
hide_body: false
fields:
- name: title
  type: text
  config:
    required: false
  label: Title
- name: button_link
  type: text
  config:
    required: false
  label: Button Link
  description: Call to Action
pages:
- src/content/homepage/sustainable-development-solutions-network-antarctica.md
