---
label: Intro Banner
hide_body: false
fields:
- name: title
  type: text
  config:
    required: false
  label: Title
- name: order
  type: number
  label: Order in page
  description: ''
  default: 2
  required: true
  config:
    min: 1
    max: 
    step: 1
    required: true
- name: buttonlink
  type: text
  config:
    required: false
  label: Button Link
  description: URL
- name: buttontext
  type: text
  config:
    required: false
  label: Button Text
  description: Call to Action
- name: layout
  type: text
  config:
    required: true
  label: Layout
  default: section-banner
  hidden: true
pages:
- src/content/homepage/sustainable-development-solutions-network-antarctica.md
